
Microsoft Visual Studio Solution File, Format Version 12.00
# Visual Studio Version 17
VisualStudioVersion = 17.8.34322.80
MinimumVisualStudioVersion = 10.0.40219.1
Project("{FAE04EC0-301F-11D3-BF4B-00C04F79EFBC}") = "testApiVue", "testApiVue\testApiVue.csproj", "{210FD753-E19C-40A7-846F-E2439E141348}"
EndProject
Global
	GlobalSection(SolutionConfigurationPlatforms) = preSolution
		Debug|Any CPU = Debug|Any CPU
		Release|Any CPU = Release|Any CPU
	EndGlobalSection
	GlobalSection(ProjectConfigurationPlatforms) = postSolution
		{210FD753-E19C-40A7-846F-E2439E141348}.Debug|Any CPU.ActiveCfg = Debug|Any CPU
		{210FD753-E19C-40A7-846F-E2439E141348}.Debug|Any CPU.Build.0 = Debug|Any CPU
		{210FD753-E19C-40A7-846F-E2439E141348}.Release|Any CPU.ActiveCfg = Release|Any CPU
		{210FD753-E19C-40A7-846F-E2439E141348}.Release|Any CPU.Build.0 = Release|Any CPU
	EndGlobalSection
	GlobalSection(SolutionProperties) = preSolution
		HideSolutionNode = FALSE
	EndGlobalSection
	GlobalSection(ExtensibilityGlobals) = postSolution
		SolutionGuid = {3D8731FB-870E-424F-87C9-74222346E450}
	EndGlobalSection
EndGlobal
